
Microsoft Visual Studio Solution File, Format Version 11.00
# Visual Studio 2010
Project("{FAE04EC0-301F-11D3-BF4B-00C04F79EFBC}") = "LiquidGoldSketch", "LiquidGoldSketch\LiquidGoldSketch.csproj", "{4814f9e9-dea5-4c5a-ae51-165320811e1a}"
EndProject
Project("{FAE04EC0-301F-11D3-BF4B-00C04F79EFBC}") = "LiquidGoldSketchScreens", "LiquidGoldSketch\LiquidGoldSketchScreens\LiquidGoldSketchScreens.csproj", "{41aa3103-27bb-47f0-a09f-73ecb0709ab7}"
EndProject
Global
	GlobalSection(SolutionConfigurationPlatforms) = preSolution
		Debug|Any CPU = Debug|Any CPU
		Release|Any CPU = Release|Any CPU
	EndGlobalSection
	GlobalSection(ProjectConfigurationPlatforms) = postSolution
		{4814F9E9-DEA5-4C5A-AE51-165320811E1A}.Debug|Any CPU.ActiveCfg = Debug|Any CPU
		{4814F9E9-DEA5-4C5A-AE51-165320811E1A}.Debug|Any CPU.Build.0 = Debug|Any CPU
		{4814F9E9-DEA5-4C5A-AE51-165320811E1A}.Release|Any CPU.ActiveCfg = Release|Any CPU
		{4814F9E9-DEA5-4C5A-AE51-165320811E1A}.Release|Any CPU.Build.0 = Release|Any CPU
		{41AA3103-27BB-47F0-A09F-73ECB0709AB7}.Debug|Any CPU.ActiveCfg = Debug|Any CPU
		{41AA3103-27BB-47F0-A09F-73ECB0709AB7}.Debug|Any CPU.Build.0 = Debug|Any CPU
		{41AA3103-27BB-47F0-A09F-73ECB0709AB7}.Release|Any CPU.ActiveCfg = Release|Any CPU
		{41AA3103-27BB-47F0-A09F-73ECB0709AB7}.Release|Any CPU.Build.0 = Release|Any CPU
	EndGlobalSection
EndGlobal
